
Microsoft Visual Studio Solution File, Format Version 12.00
# Visual Studio Version 17
VisualStudioVersion = 17.1.32414.318
MinimumVisualStudioVersion = 10.0.40219.1
Project("{2150E333-8FDC-42A3-9474-1A3956D46DE8}") = "Foundation", "Foundation", "{A60C33FD-268C-4FD3-9597-DC3F2DB0BA22}"
EndProject
Project("{2150E333-8FDC-42A3-9474-1A3956D46DE8}") = "Feature", "Feature", "{15A36735-4416-421D-9F91-C908B9E821D9}"
EndProject
Project("{2150E333-8FDC-42A3-9474-1A3956D46DE8}") = "Project", "Project", "{228FD4BE-3F4D-4D32-9C6A-A9A2BA1331F0}"
EndProject
Project("{FAE04EC0-301F-11D3-BF4B-00C04F79EFBC}") = "BeerSorter.Project.Website", "src\Project\Website\code\BeerSorter.Project.Website.csproj", "{E44F5FD9-04B9-46FB-B507-45AD4DFEF78B}"
EndProject
Project("{FAE04EC0-301F-11D3-BF4B-00C04F79EFBC}") = "BeerSorter.Feature.Header", "src\Feature\Header\code\BeerSorter.Feature.Header.csproj", "{4E5BB813-20DA-4177-AC22-ED2EB99530F5}"
EndProject
Project("{2150E333-8FDC-42A3-9474-1A3956D46DE8}") = "Header", "Header", "{F409F666-5048-43A1-9177-DC8F302D9BC2}"
EndProject
Project("{2150E333-8FDC-42A3-9474-1A3956D46DE8}") = "Footer", "Footer", "{1D4D7002-8BCF-4957-8CF2-17CF10400640}"
EndProject
Project("{FAE04EC0-301F-11D3-BF4B-00C04F79EFBC}") = "BeerSorter.Feature.Footer", "src\Feature\Footer\code\BeerSorter.Feature.Footer.csproj", "{566ADC57-55D4-42EB-82B2-5599C71A3DD0}"
EndProject
Project("{FAE04EC0-301F-11D3-BF4B-00C04F79EFBC}") = "BeerSorter.Foundation.Core", "src\Foundation\Core\code\BeerSorter.Foundation.Core.csproj", "{42168A3D-B91C-4CA2-BC40-BD5F57A6EBD0}"
EndProject
Project("{2150E333-8FDC-42A3-9474-1A3956D46DE8}") = "BeerList", "BeerList", "{9877597A-5CD8-4407-BF81-9B36192DD5AD}"
EndProject
Project("{FAE04EC0-301F-11D3-BF4B-00C04F79EFBC}") = "BeerSorter.Feature.BeerList", "src\Feature\BeerList\code\BeerSorter.Feature.BeerList.csproj", "{48932B06-A77E-49FD-85D4-F14A16C0D4E6}"
EndProject
Project("{2150E333-8FDC-42A3-9474-1A3956D46DE8}") = "Breadcrumb", "Breadcrumb", "{4885E704-8601-4B0B-AF46-271899CEBF4A}"
EndProject
Project("{FAE04EC0-301F-11D3-BF4B-00C04F79EFBC}") = "BeerSorter.Feature.Breadcrumb", "code\BeerSorter.Feature.Breadcrumb.csproj", "{50E73D46-1DD6-42D6-AEC8-A0D3E14C70B4}"
EndProject
Project("{2150E333-8FDC-42A3-9474-1A3956D46DE8}") = "BeerDetails", "BeerDetails", "{9AE4D6ED-CF68-423D-A703-64AE76FECF60}"
EndProject
Project("{FAE04EC0-301F-11D3-BF4B-00C04F79EFBC}") = "BeerSorter.Feature.BeerDetails", "src\Feature\BeerDetails\code\BeerSorter.Feature.BeerDetails.csproj", "{17519F24-5C5C-4248-A257-99B288188CA6}"
EndProject
Global
	GlobalSection(SolutionConfigurationPlatforms) = preSolution
		Debug|Any CPU = Debug|Any CPU
		Release|Any CPU = Release|Any CPU
	EndGlobalSection
	GlobalSection(ProjectConfigurationPlatforms) = postSolution
		{E44F5FD9-04B9-46FB-B507-45AD4DFEF78B}.Debug|Any CPU.ActiveCfg = Debug|Any CPU
		{E44F5FD9-04B9-46FB-B507-45AD4DFEF78B}.Debug|Any CPU.Build.0 = Debug|Any CPU
		{E44F5FD9-04B9-46FB-B507-45AD4DFEF78B}.Release|Any CPU.ActiveCfg = Release|Any CPU
		{E44F5FD9-04B9-46FB-B507-45AD4DFEF78B}.Release|Any CPU.Build.0 = Release|Any CPU
		{4E5BB813-20DA-4177-AC22-ED2EB99530F5}.Debug|Any CPU.ActiveCfg = Debug|Any CPU
		{4E5BB813-20DA-4177-AC22-ED2EB99530F5}.Debug|Any CPU.Build.0 = Debug|Any CPU
		{4E5BB813-20DA-4177-AC22-ED2EB99530F5}.Release|Any CPU.ActiveCfg = Release|Any CPU
		{4E5BB813-20DA-4177-AC22-ED2EB99530F5}.Release|Any CPU.Build.0 = Release|Any CPU
		{566ADC57-55D4-42EB-82B2-5599C71A3DD0}.Debug|Any CPU.ActiveCfg = Debug|Any CPU
		{566ADC57-55D4-42EB-82B2-5599C71A3DD0}.Debug|Any CPU.Build.0 = Debug|Any CPU
		{566ADC57-55D4-42EB-82B2-5599C71A3DD0}.Release|Any CPU.ActiveCfg = Release|Any CPU
		{566ADC57-55D4-42EB-82B2-5599C71A3DD0}.Release|Any CPU.Build.0 = Release|Any CPU
		{42168A3D-B91C-4CA2-BC40-BD5F57A6EBD0}.Debug|Any CPU.ActiveCfg = Debug|Any CPU
		{42168A3D-B91C-4CA2-BC40-BD5F57A6EBD0}.Debug|Any CPU.Build.0 = Debug|Any CPU
		{42168A3D-B91C-4CA2-BC40-BD5F57A6EBD0}.Release|Any CPU.ActiveCfg = Release|Any CPU
		{42168A3D-B91C-4CA2-BC40-BD5F57A6EBD0}.Release|Any CPU.Build.0 = Release|Any CPU
		{48932B06-A77E-49FD-85D4-F14A16C0D4E6}.Debug|Any CPU.ActiveCfg = Debug|Any CPU
		{48932B06-A77E-49FD-85D4-F14A16C0D4E6}.Debug|Any CPU.Build.0 = Debug|Any CPU
		{48932B06-A77E-49FD-85D4-F14A16C0D4E6}.Release|Any CPU.ActiveCfg = Release|Any CPU
		{48932B06-A77E-49FD-85D4-F14A16C0D4E6}.Release|Any CPU.Build.0 = Release|Any CPU
		{50E73D46-1DD6-42D6-AEC8-A0D3E14C70B4}.Debug|Any CPU.ActiveCfg = Debug|Any CPU
		{50E73D46-1DD6-42D6-AEC8-A0D3E14C70B4}.Debug|Any CPU.Build.0 = Debug|Any CPU
		{50E73D46-1DD6-42D6-AEC8-A0D3E14C70B4}.Release|Any CPU.ActiveCfg = Release|Any CPU
		{50E73D46-1DD6-42D6-AEC8-A0D3E14C70B4}.Release|Any CPU.Build.0 = Release|Any CPU
		{17519F24-5C5C-4248-A257-99B288188CA6}.Debug|Any CPU.ActiveCfg = Debug|Any CPU
		{17519F24-5C5C-4248-A257-99B288188CA6}.Debug|Any CPU.Build.0 = Debug|Any CPU
		{17519F24-5C5C-4248-A257-99B288188CA6}.Release|Any CPU.ActiveCfg = Release|Any CPU
		{17519F24-5C5C-4248-A257-99B288188CA6}.Release|Any CPU.Build.0 = Release|Any CPU
	EndGlobalSection
	GlobalSection(SolutionProperties) = preSolution
		HideSolutionNode = FALSE
	EndGlobalSection
	GlobalSection(NestedProjects) = preSolution
		{E44F5FD9-04B9-46FB-B507-45AD4DFEF78B} = {228FD4BE-3F4D-4D32-9C6A-A9A2BA1331F0}
		{4E5BB813-20DA-4177-AC22-ED2EB99530F5} = {F409F666-5048-43A1-9177-DC8F302D9BC2}
		{F409F666-5048-43A1-9177-DC8F302D9BC2} = {15A36735-4416-421D-9F91-C908B9E821D9}
		{1D4D7002-8BCF-4957-8CF2-17CF10400640} = {15A36735-4416-421D-9F91-C908B9E821D9}
		{566ADC57-55D4-42EB-82B2-5599C71A3DD0} = {1D4D7002-8BCF-4957-8CF2-17CF10400640}
		{42168A3D-B91C-4CA2-BC40-BD5F57A6EBD0} = {A60C33FD-268C-4FD3-9597-DC3F2DB0BA22}
		{9877597A-5CD8-4407-BF81-9B36192DD5AD} = {15A36735-4416-421D-9F91-C908B9E821D9}
		{48932B06-A77E-49FD-85D4-F14A16C0D4E6} = {9877597A-5CD8-4407-BF81-9B36192DD5AD}
		{4885E704-8601-4B0B-AF46-271899CEBF4A} = {15A36735-4416-421D-9F91-C908B9E821D9}
		{50E73D46-1DD6-42D6-AEC8-A0D3E14C70B4} = {4885E704-8601-4B0B-AF46-271899CEBF4A}
		{9AE4D6ED-CF68-423D-A703-64AE76FECF60} = {15A36735-4416-421D-9F91-C908B9E821D9}
		{17519F24-5C5C-4248-A257-99B288188CA6} = {9AE4D6ED-CF68-423D-A703-64AE76FECF60}
	EndGlobalSection
	GlobalSection(ExtensibilityGlobals) = postSolution
		SolutionGuid = {CEB71F7F-3E34-4B32-AB0C-2E71A9597392}
	EndGlobalSection
EndGlobal
